<Solution>
  <Folder Name="/apps/">
    <Project Path="apps/HealthMailer/HealthMailer.csproj" />
  </Folder>
  <Folder Name="/apps/PrintRxerV3/" />
  <Folder Name="/apps/PrintRxerV3/app/">
    <Project Path="apps/PrintRxerV3/app/PrintRxerV3.App.csproj" />
  </Folder>
  <Folder Name="/apps/PrintRxerV3/src/">
    <Project Path="apps/PrintRxerV3/src/PrintRxerV3.csproj" />
  </Folder>
  <Folder Name="/apps/PrintRxerV3/tests/">
    <Project Path="apps/PrintRxerV3/tests/PrintRxerV3.ContractTests.csproj" />
  </Folder>
  <Folder Name="/installers/PrintRxerV3Installer/">
    <Project Path="installers/PrintRxerV3Installer/PrintRxerV3Installer.csproj" />
  </Folder>
  <Folder Name="/installers/HealthMailerInstaller/">
    <Project Path="installers/HealthMailerInstaller/HealthMailerInstaller.csproj" />
  </Folder>
  <Folder Name="/installers/PrintRxerSuiteInstaller/">
    <Project Path="installers/PrintRxerSuiteInstaller/PrintRxerSuiteInstaller.csproj" />
  </Folder>
  <Folder Name="/tests/">
    <Project Path="tests/HealthMailer.Tests/HealthMailer.ContractTests.csproj" />
  </Folder>
</Solution>
